
Microsoft Visual Studio Solution File, Format Version 12.00
# Visual Studio Version 17
VisualStudioVersion = 17.3.32901.215
MinimumVisualStudioVersion = 10.0.40219.1
Project("{9A19103F-16F7-4668-BE54-9A1E7A4F7556}") = "Desktop_App", "Desktop_App.csproj", "{12B66BFD-DCD4-44C5-8897-C943F21E1F48}"
EndProject
Global
	GlobalSection(SolutionConfigurationPlatforms) = preSolution
		Debug|Any CPU = Debug|Any CPU
		Release|Any CPU = Release|Any CPU
	EndGlobalSection
	GlobalSection(ProjectConfigurationPlatforms) = postSolution
		{12B66BFD-DCD4-44C5-8897-C943F21E1F48}.Debug|Any CPU.ActiveCfg = Debug|Any CPU
		{12B66BFD-DCD4-44C5-8897-C943F21E1F48}.Debug|Any CPU.Build.0 = Debug|Any CPU
		{12B66BFD-DCD4-44C5-8897-C943F21E1F48}.Release|Any CPU.ActiveCfg = Release|Any CPU
		{12B66BFD-DCD4-44C5-8897-C943F21E1F48}.Release|Any CPU.Build.0 = Release|Any CPU
	EndGlobalSection
	GlobalSection(SolutionProperties) = preSolution
		HideSolutionNode = FALSE
	EndGlobalSection
	GlobalSection(ExtensibilityGlobals) = postSolution
		SolutionGuid = {65069A44-2CA4-4412-AD20-1A5F900210F7}
	EndGlobalSection
EndGlobal
